
Microsoft Visual Studio Solution File, Format Version 12.00
# Visual Studio 14
VisualStudioVersion = 14.0.25123.0
MinimumVisualStudioVersion = 10.0.40219.1
Project("{5A2EFE79-9D55-458C-B851-CA5A32333C39}") = "Sitecore.Support.93741", "Sitecore.Support.93741\Sitecore.Support.93741.csproj", "{5BBE5CA7-6D38-4035-BF8B-2A4805183EDA}"
EndProject
Global
	GlobalSection(SolutionConfigurationPlatforms) = preSolution
		Debug|Any CPU = Debug|Any CPU
		Release|Any CPU = Release|Any CPU
	EndGlobalSection
	GlobalSection(ProjectConfigurationPlatforms) = postSolution
		{5BBE5CA7-6D38-4035-BF8B-2A4805183EDA}.Debug|Any CPU.ActiveCfg = Debug|Any CPU
		{5BBE5CA7-6D38-4035-BF8B-2A4805183EDA}.Debug|Any CPU.Build.0 = Debug|Any CPU
		{5BBE5CA7-6D38-4035-BF8B-2A4805183EDA}.Release|Any CPU.ActiveCfg = Release|Any CPU
		{5BBE5CA7-6D38-4035-BF8B-2A4805183EDA}.Release|Any CPU.Build.0 = Release|Any CPU
	EndGlobalSection
	GlobalSection(SolutionProperties) = preSolution
		HideSolutionNode = FALSE
	EndGlobalSection
EndGlobal
